
Microsoft Visual Studio Solution File, Format Version 12.00
# Visual Studio 15
VisualStudioVersion = 15.0.26730.12
MinimumVisualStudioVersion = 10.0.40219.1
Project("{9A19103F-16F7-4668-BE54-9A1E7A4F7556}") = "1_1_Recursive-Array-Sum", "1_1_Recursive-Array-Sum\1_1_Recursive-Array-Sum.csproj", "{062B8D60-31D8-4457-8229-7F3A931F3787}"
EndProject
Project("{FAE04EC0-301F-11D3-BF4B-00C04F79EFBC}") = "1_2_Recursive-Factorial", "1_2_Recursive-Factorial\1_2_Recursive-Factorial.csproj", "{4B88ABC8-7706-4215-BF2E-2E5E9CCAB407}"
EndProject
Global
	GlobalSection(SolutionConfigurationPlatforms) = preSolution
		Debug|Any CPU = Debug|Any CPU
		Release|Any CPU = Release|Any CPU
	EndGlobalSection
	GlobalSection(ProjectConfigurationPlatforms) = postSolution
		{062B8D60-31D8-4457-8229-7F3A931F3787}.Debug|Any CPU.ActiveCfg = Debug|Any CPU
		{062B8D60-31D8-4457-8229-7F3A931F3787}.Debug|Any CPU.Build.0 = Debug|Any CPU
		{062B8D60-31D8-4457-8229-7F3A931F3787}.Release|Any CPU.ActiveCfg = Release|Any CPU
		{062B8D60-31D8-4457-8229-7F3A931F3787}.Release|Any CPU.Build.0 = Release|Any CPU
		{4B88ABC8-7706-4215-BF2E-2E5E9CCAB407}.Debug|Any CPU.ActiveCfg = Debug|Any CPU
		{4B88ABC8-7706-4215-BF2E-2E5E9CCAB407}.Debug|Any CPU.Build.0 = Debug|Any CPU
		{4B88ABC8-7706-4215-BF2E-2E5E9CCAB407}.Release|Any CPU.ActiveCfg = Release|Any CPU
		{4B88ABC8-7706-4215-BF2E-2E5E9CCAB407}.Release|Any CPU.Build.0 = Release|Any CPU
	EndGlobalSection
	GlobalSection(SolutionProperties) = preSolution
		HideSolutionNode = FALSE
	EndGlobalSection
	GlobalSection(ExtensibilityGlobals) = postSolution
		SolutionGuid = {F65D88A7-38A3-401A-8E40-26A340F048A7}
	EndGlobalSection
EndGlobal
