
Microsoft Visual Studio Solution File, Format Version 12.00
# Visual Studio 15
VisualStudioVersion = 15.0.26730.12
MinimumVisualStudioVersion = 10.0.40219.1
Project("{9A19103F-16F7-4668-BE54-9A1E7A4F7556}") = "1_2_Recursive-Factorial", "1_2_Recursive-Factorial\1_2_Recursive-Factorial.csproj", "{28392145-2118-480D-BA32-900B0119380F}"
EndProject
Project("{9A19103F-16F7-4668-BE54-9A1E7A4F7556}") = "1_1_Recursive-Array-Sum", "1_1_Recursive-Array-Sum\1_1_Recursive-Array-Sum.csproj", "{451FBB82-B7D3-4935-B7DD-BAB4FC6C3313}"
EndProject
Project("{FAE04EC0-301F-11D3-BF4B-00C04F79EFBC}") = "1_3_Recursive-Drawing", "1_3_Recursive-Drawing\1_3_Recursive-Drawing.csproj", "{8136508F-2B67-4849-8BFF-CC4D54044210}"
EndProject
Project("{FAE04EC0-301F-11D3-BF4B-00C04F79EFBC}") = "1_4_Generating-0-1-Vectors", "1_4_Generating-0-1-Vectors\1_4_Generating-0-1-Vectors.csproj", "{EC3834E1-F38C-4642-BF75-435C5394514D}"
EndProject
Project("{FAE04EC0-301F-11D3-BF4B-00C04F79EFBC}") = "1_5_Generating-Combinations", "1_5_Generating-Combinations\1_5_Generating-Combinations.csproj", "{03ECA3F8-2DF1-4976-8F95-4AD01D32F067}"
EndProject
Global
	GlobalSection(SolutionConfigurationPlatforms) = preSolution
		Debug|Any CPU = Debug|Any CPU
		Release|Any CPU = Release|Any CPU
	EndGlobalSection
	GlobalSection(ProjectConfigurationPlatforms) = postSolution
		{28392145-2118-480D-BA32-900B0119380F}.Debug|Any CPU.ActiveCfg = Debug|Any CPU
		{28392145-2118-480D-BA32-900B0119380F}.Debug|Any CPU.Build.0 = Debug|Any CPU
		{28392145-2118-480D-BA32-900B0119380F}.Release|Any CPU.ActiveCfg = Release|Any CPU
		{28392145-2118-480D-BA32-900B0119380F}.Release|Any CPU.Build.0 = Release|Any CPU
		{451FBB82-B7D3-4935-B7DD-BAB4FC6C3313}.Debug|Any CPU.ActiveCfg = Debug|Any CPU
		{451FBB82-B7D3-4935-B7DD-BAB4FC6C3313}.Debug|Any CPU.Build.0 = Debug|Any CPU
		{451FBB82-B7D3-4935-B7DD-BAB4FC6C3313}.Release|Any CPU.ActiveCfg = Release|Any CPU
		{451FBB82-B7D3-4935-B7DD-BAB4FC6C3313}.Release|Any CPU.Build.0 = Release|Any CPU
		{8136508F-2B67-4849-8BFF-CC4D54044210}.Debug|Any CPU.ActiveCfg = Debug|Any CPU
		{8136508F-2B67-4849-8BFF-CC4D54044210}.Debug|Any CPU.Build.0 = Debug|Any CPU
		{8136508F-2B67-4849-8BFF-CC4D54044210}.Release|Any CPU.ActiveCfg = Release|Any CPU
		{8136508F-2B67-4849-8BFF-CC4D54044210}.Release|Any CPU.Build.0 = Release|Any CPU
		{EC3834E1-F38C-4642-BF75-435C5394514D}.Debug|Any CPU.ActiveCfg = Debug|Any CPU
		{EC3834E1-F38C-4642-BF75-435C5394514D}.Debug|Any CPU.Build.0 = Debug|Any CPU
		{EC3834E1-F38C-4642-BF75-435C5394514D}.Release|Any CPU.ActiveCfg = Release|Any CPU
		{EC3834E1-F38C-4642-BF75-435C5394514D}.Release|Any CPU.Build.0 = Release|Any CPU
		{03ECA3F8-2DF1-4976-8F95-4AD01D32F067}.Debug|Any CPU.ActiveCfg = Debug|Any CPU
		{03ECA3F8-2DF1-4976-8F95-4AD01D32F067}.Debug|Any CPU.Build.0 = Debug|Any CPU
		{03ECA3F8-2DF1-4976-8F95-4AD01D32F067}.Release|Any CPU.ActiveCfg = Release|Any CPU
		{03ECA3F8-2DF1-4976-8F95-4AD01D32F067}.Release|Any CPU.Build.0 = Release|Any CPU
	EndGlobalSection
	GlobalSection(SolutionProperties) = preSolution
		HideSolutionNode = FALSE
	EndGlobalSection
	GlobalSection(ExtensibilityGlobals) = postSolution
		SolutionGuid = {F65D88A7-38A3-401A-8E40-26A340F048A7}
	EndGlobalSection
EndGlobal
