
Microsoft Visual Studio Solution File, Format Version 12.00
# Visual Studio 15
VisualStudioVersion = 15.0.26730.12
MinimumVisualStudioVersion = 10.0.40219.1
Project("{FAE04EC0-301F-11D3-BF4B-00C04F79EFBC}") = "7_1_Connected-components", "7_1_Connected-components\7_1_Connected-components.csproj", "{F4B7F6F7-C765-485A-B0F7-E20F36A2A594}"
EndProject
Project("{FAE04EC0-301F-11D3-BF4B-00C04F79EFBC}") = "7_1_Connected-components.Tests", "7_1_Connected-components.Tests\7_1_Connected-components.Tests.csproj", "{B5527770-9618-4C58-BD70-9869CB75BC29}"
EndProject
Global
	GlobalSection(SolutionConfigurationPlatforms) = preSolution
		Debug|Any CPU = Debug|Any CPU
		Release|Any CPU = Release|Any CPU
	EndGlobalSection
	GlobalSection(ProjectConfigurationPlatforms) = postSolution
		{F4B7F6F7-C765-485A-B0F7-E20F36A2A594}.Debug|Any CPU.ActiveCfg = Debug|Any CPU
		{F4B7F6F7-C765-485A-B0F7-E20F36A2A594}.Debug|Any CPU.Build.0 = Debug|Any CPU
		{F4B7F6F7-C765-485A-B0F7-E20F36A2A594}.Release|Any CPU.ActiveCfg = Release|Any CPU
		{F4B7F6F7-C765-485A-B0F7-E20F36A2A594}.Release|Any CPU.Build.0 = Release|Any CPU
		{B5527770-9618-4C58-BD70-9869CB75BC29}.Debug|Any CPU.ActiveCfg = Debug|Any CPU
		{B5527770-9618-4C58-BD70-9869CB75BC29}.Debug|Any CPU.Build.0 = Debug|Any CPU
		{B5527770-9618-4C58-BD70-9869CB75BC29}.Release|Any CPU.ActiveCfg = Release|Any CPU
		{B5527770-9618-4C58-BD70-9869CB75BC29}.Release|Any CPU.Build.0 = Release|Any CPU
	EndGlobalSection
	GlobalSection(SolutionProperties) = preSolution
		HideSolutionNode = FALSE
	EndGlobalSection
	GlobalSection(ExtensibilityGlobals) = postSolution
		SolutionGuid = {F3BF89D8-9B07-4912-A0EF-685867AB65B0}
	EndGlobalSection
EndGlobal
