
Microsoft Visual Studio Solution File, Format Version 12.00
# Visual Studio 15
VisualStudioVersion = 15.0.26730.12
MinimumVisualStudioVersion = 10.0.40219.1
Project("{FAE04EC0-301F-11D3-BF4B-00C04F79EFBC}") = "8_1_Kruskal", "8_1_Kruskal\8_1_Kruskal.csproj", "{7AEC0FBE-59BC-46D6-8244-2BFBFDBC537F}"
EndProject
Project("{FAE04EC0-301F-11D3-BF4B-00C04F79EFBC}") = "8_1_Kruskal.Tests", "8_1_Kruskal.Tests\8_1_Kruskal.Tests.csproj", "{77F24941-BF59-4A07-8D0A-3DFD4112D593}"
EndProject
Project("{FAE04EC0-301F-11D3-BF4B-00C04F79EFBC}") = "8_2_Dijkstra", "8_2_Dijkstra\8_2_Dijkstra.csproj", "{C0127646-613B-461E-B300-D782544CFB09}"
EndProject
Project("{FAE04EC0-301F-11D3-BF4B-00C04F79EFBC}") = "8_2_Dijkstra-with-Priority-Queue", "8_2_Dijkstra-with-Priority-Queue\8_2_Dijkstra-with-Priority-Queue.csproj", "{B4809072-6A9E-4B1E-9B5A-B7DB8F147276}"
EndProject
Project("{FAE04EC0-301F-11D3-BF4B-00C04F79EFBC}") = "8_2_Dijkstra-with-Priority-Queue.Tests", "8_2_Dijkstra-with-Priority-Queue.Tests\8_2_Dijkstra-with-Priority-Queue.Tests.csproj", "{29437C7E-E190-4FA5-BFD9-FC45B4A9C053}"
EndProject
Project("{FAE04EC0-301F-11D3-BF4B-00C04F79EFBC}") = "8_2_Dijkstra.Tests", "8_2_Dijkstra.Tests\8_2_Dijkstra.Tests.csproj", "{5B491D63-4BB4-44E4-918A-A44C89B6BC92}"
EndProject
Global
	GlobalSection(SolutionConfigurationPlatforms) = preSolution
		Debug|Any CPU = Debug|Any CPU
		Release|Any CPU = Release|Any CPU
	EndGlobalSection
	GlobalSection(ProjectConfigurationPlatforms) = postSolution
		{7AEC0FBE-59BC-46D6-8244-2BFBFDBC537F}.Debug|Any CPU.ActiveCfg = Debug|Any CPU
		{7AEC0FBE-59BC-46D6-8244-2BFBFDBC537F}.Debug|Any CPU.Build.0 = Debug|Any CPU
		{7AEC0FBE-59BC-46D6-8244-2BFBFDBC537F}.Release|Any CPU.ActiveCfg = Release|Any CPU
		{7AEC0FBE-59BC-46D6-8244-2BFBFDBC537F}.Release|Any CPU.Build.0 = Release|Any CPU
		{77F24941-BF59-4A07-8D0A-3DFD4112D593}.Debug|Any CPU.ActiveCfg = Debug|Any CPU
		{77F24941-BF59-4A07-8D0A-3DFD4112D593}.Debug|Any CPU.Build.0 = Debug|Any CPU
		{77F24941-BF59-4A07-8D0A-3DFD4112D593}.Release|Any CPU.ActiveCfg = Release|Any CPU
		{77F24941-BF59-4A07-8D0A-3DFD4112D593}.Release|Any CPU.Build.0 = Release|Any CPU
		{C0127646-613B-461E-B300-D782544CFB09}.Debug|Any CPU.ActiveCfg = Debug|Any CPU
		{C0127646-613B-461E-B300-D782544CFB09}.Debug|Any CPU.Build.0 = Debug|Any CPU
		{C0127646-613B-461E-B300-D782544CFB09}.Release|Any CPU.ActiveCfg = Release|Any CPU
		{C0127646-613B-461E-B300-D782544CFB09}.Release|Any CPU.Build.0 = Release|Any CPU
		{B4809072-6A9E-4B1E-9B5A-B7DB8F147276}.Debug|Any CPU.ActiveCfg = Debug|Any CPU
		{B4809072-6A9E-4B1E-9B5A-B7DB8F147276}.Debug|Any CPU.Build.0 = Debug|Any CPU
		{B4809072-6A9E-4B1E-9B5A-B7DB8F147276}.Release|Any CPU.ActiveCfg = Release|Any CPU
		{B4809072-6A9E-4B1E-9B5A-B7DB8F147276}.Release|Any CPU.Build.0 = Release|Any CPU
		{29437C7E-E190-4FA5-BFD9-FC45B4A9C053}.Debug|Any CPU.ActiveCfg = Debug|Any CPU
		{29437C7E-E190-4FA5-BFD9-FC45B4A9C053}.Debug|Any CPU.Build.0 = Debug|Any CPU
		{29437C7E-E190-4FA5-BFD9-FC45B4A9C053}.Release|Any CPU.ActiveCfg = Release|Any CPU
		{29437C7E-E190-4FA5-BFD9-FC45B4A9C053}.Release|Any CPU.Build.0 = Release|Any CPU
		{5B491D63-4BB4-44E4-918A-A44C89B6BC92}.Debug|Any CPU.ActiveCfg = Debug|Any CPU
		{5B491D63-4BB4-44E4-918A-A44C89B6BC92}.Debug|Any CPU.Build.0 = Debug|Any CPU
		{5B491D63-4BB4-44E4-918A-A44C89B6BC92}.Release|Any CPU.ActiveCfg = Release|Any CPU
		{5B491D63-4BB4-44E4-918A-A44C89B6BC92}.Release|Any CPU.Build.0 = Release|Any CPU
	EndGlobalSection
	GlobalSection(SolutionProperties) = preSolution
		HideSolutionNode = FALSE
	EndGlobalSection
	GlobalSection(ExtensibilityGlobals) = postSolution
		SolutionGuid = {39062824-CE63-44AA-B358-6C011088B53B}
	EndGlobalSection
EndGlobal
